
Microsoft Visual Studio Solution File, Format Version 12.00
# Visual Studio Version 17
VisualStudioVersion = 17.6.33829.357
MinimumVisualStudioVersion = 10.0.40219.1
Project("{FAE04EC0-301F-11D3-BF4B-00C04F79EFBC}") = "StudentLibrary", "StudentLibrary\StudentLibrary.csproj", "{0E280E33-60EA-497F-9DE3-B42103A71E5E}"
EndProject
Global
	GlobalSection(SolutionConfigurationPlatforms) = preSolution
		Debug|Any CPU = Debug|Any CPU
		Release|Any CPU = Release|Any CPU
	EndGlobalSection
	GlobalSection(ProjectConfigurationPlatforms) = postSolution
		{0E280E33-60EA-497F-9DE3-B42103A71E5E}.Debug|Any CPU.ActiveCfg = Debug|Any CPU
		{0E280E33-60EA-497F-9DE3-B42103A71E5E}.Debug|Any CPU.Build.0 = Debug|Any CPU
		{0E280E33-60EA-497F-9DE3-B42103A71E5E}.Release|Any CPU.ActiveCfg = Release|Any CPU
		{0E280E33-60EA-497F-9DE3-B42103A71E5E}.Release|Any CPU.Build.0 = Release|Any CPU
	EndGlobalSection
	GlobalSection(SolutionProperties) = preSolution
		HideSolutionNode = FALSE
	EndGlobalSection
	GlobalSection(ExtensibilityGlobals) = postSolution
		SolutionGuid = {33140694-C25E-4B6C-A169-852060FDB3CD}
	EndGlobalSection
EndGlobal
